// !$*UTF8*$!
{
	archiveVersion = 1;
	classes = {
	};
	objectVersion = 55;
	objects = {

/* Begin PBXBuildFile section */
		5DAF1BFD27E24F9500CE988E /* ContentViewController.swift in Sources */ = {isa = PBXBuildFile; fileRef = 5DAF1BFC27E24F9500CE988E /* ContentViewController.swift */; };
		5DAF1BFF27E24FF100CE988E /* DetailViewController.swift in Sources */ = {isa = PBXBuildFile; fileRef = 5DAF1BFE27E24FF100CE988E /* DetailViewController.swift */; };
		5DAF1C0227E25EC400CE988E /* ColorExtension.swift in Sources */ = {isa = PBXBuildFile; fileRef = 5DAF1C0127E25EC400CE988E /* ColorExtension.swift */; };
		5DD2DDEC27D55D0C0080E7F5 /* Application.swift in Sources */ = {isa = PBXBuildFile; fileRef = 5DD2DDEB27D55D0C0080E7F5 /* Application.swift */; };
		5DD2DDEE27D55D0C0080E7F5 /* ContentView.swift in Sources */ = {isa = PBXBuildFile; fileRef = 5DD2DDED27D55D0C0080E7F5 /* ContentView.swift */; };
		5DD2DDF027D55D130080E7F5 /* Assets.xcassets in Resources */ = {isa = PBXBuildFile; fileRef = 5DD2DDEF27D55D130080E7F5 /* Assets.xcassets */; };
		5DD2DDF327D55D130080E7F5 /* Preview Assets.xcassets in Resources */ = {isa = PBXBuildFile; fileRef = 5DD2DDF227D55D130080E7F5 /* Preview Assets.xcassets */; };
		5DE2F6CE27D9048400713DB3 /* URLResult.swift in Sources */ = {isa = PBXBuildFile; fileRef = 5DE2F6CD27D9048400713DB3 /* URLResult.swift */; };
		5DE2F6D027D932BB00713DB3 /* TracksResult.swift in Sources */ = {isa = PBXBuildFile; fileRef = 5DE2F6CF27D932BB00713DB3 /* TracksResult.swift */; };
		5DE2F6D227DC101900713DB3 /* AppServerClient.swift in Sources */ = {isa = PBXBuildFile; fileRef = 5DE2F6D127DC101700713DB3 /* AppServerClient.swift */; };
		5DE2F6D427DFF26C00713DB3 /* DetailInfo.swift in Sources */ = {isa = PBXBuildFile; fileRef = 5DE2F6D327DFF26A00713DB3 /* DetailInfo.swift */; };
		5DE2F6D827E0FFD500713DB3 /* DetailView.swift in Sources */ = {isa = PBXBuildFile; fileRef = 5DE2F6D727E0FFD400713DB3 /* DetailView.swift */; };
		C5906386B44B892BA0FF3640 /* Pods_testTask.framework in Frameworks */ = {isa = PBXBuildFile; fileRef = 9FFA1C1ECE92AB35D81C91B6 /* Pods_testTask.framework */; };
/* End PBXBuildFile section */

/* Begin PBXFileReference section */
		255543901AFFFD4C91A07F2C /* Pods-testTask.release.xcconfig */ = {isa = PBXFileReference; includeInIndex = 1; lastKnownFileType = text.xcconfig; name = "Pods-testTask.release.xcconfig"; path = "Target Support Files/Pods-testTask/Pods-testTask.release.xcconfig"; sourceTree = "<group>"; };
		348B1DC476EFB7B9A7D60A1A /* Pods-testTask.debug.xcconfig */ = {isa = PBXFileReference; includeInIndex = 1; lastKnownFileType = text.xcconfig; name = "Pods-testTask.debug.xcconfig"; path = "Target Support Files/Pods-testTask/Pods-testTask.debug.xcconfig"; sourceTree = "<group>"; };
		5DAF1BFC27E24F9500CE988E /* ContentViewController.swift */ = {isa = PBXFileReference; lastKnownFileType = sourcecode.swift; path = ContentViewController.swift; sourceTree = "<group>"; };
		5DAF1BFE27E24FF100CE988E /* DetailViewController.swift */ = {isa = PBXFileReference; lastKnownFileType = sourcecode.swift; path = DetailViewController.swift; sourceTree = "<group>"; };
		5DAF1C0127E25EC400CE988E /* ColorExtension.swift */ = {isa = PBXFileReference; lastKnownFileType = sourcecode.swift; path = ColorExtension.swift; sourceTree = "<group>"; };
		5DD2DDE827D55D0C0080E7F5 /* testTask.app */ = {isa = PBXFileReference; explicitFileType = wrapper.application; includeInIndex = 0; path = testTask.app; sourceTree = BUILT_PRODUCTS_DIR; };
		5DD2DDEB27D55D0C0080E7F5 /* Application.swift */ = {isa = PBXFileReference; lastKnownFileType = sourcecode.swift; path = Application.swift; sourceTree = "<group>"; };
		5DD2DDED27D55D0C0080E7F5 /* ContentView.swift */ = {isa = PBXFileReference; lastKnownFileType = sourcecode.swift; path = ContentView.swift; sourceTree = "<group>"; };
		5DD2DDEF27D55D130080E7F5 /* Assets.xcassets */ = {isa = PBXFileReference; lastKnownFileType = folder.assetcatalog; path = Assets.xcassets; sourceTree = "<group>"; };
		5DD2DDF227D55D130080E7F5 /* Preview Assets.xcassets */ = {isa = PBXFileReference; lastKnownFileType = folder.assetcatalog; path = "Preview Assets.xcassets"; sourceTree = "<group>"; };
		5DE2F6CD27D9048400713DB3 /* URLResult.swift */ = {isa = PBXFileReference; lastKnownFileType = sourcecode.swift; path = URLResult.swift; sourceTree = "<group>"; };
		5DE2F6CF27D932BB00713DB3 /* TracksResult.swift */ = {isa = PBXFileReference; lastKnownFileType = sourcecode.swift; path = TracksResult.swift; sourceTree = "<group>"; };
		5DE2F6D127DC101700713DB3 /* AppServerClient.swift */ = {isa = PBXFileReference; lastKnownFileType = sourcecode.swift; path = AppServerClient.swift; sourceTree = "<group>"; };
		5DE2F6D327DFF26A00713DB3 /* DetailInfo.swift */ = {isa = PBXFileReference; lastKnownFileType = sourcecode.swift; path = DetailInfo.swift; sourceTree = "<group>"; };
		5DE2F6D727E0FFD400713DB3 /* DetailView.swift */ = {isa = PBXFileReference; lastKnownFileType = sourcecode.swift; path = DetailView.swift; sourceTree = "<group>"; };
		9FFA1C1ECE92AB35D81C91B6 /* Pods_testTask.framework */ = {isa = PBXFileReference; explicitFileType = wrapper.framework; includeInIndex = 0; path = Pods_testTask.framework; sourceTree = BUILT_PRODUCTS_DIR; };
/* End PBXFileReference section */

/* Begin PBXFrameworksBuildPhase section */
		5DD2DDE527D55D0C0080E7F5 /* Frameworks */ = {
			isa = PBXFrameworksBuildPhase;
			buildActionMask = 2147483647;
			files = (
				C5906386B44B892BA0FF3640 /* Pods_testTask.framework in Frameworks */,
			);
			runOnlyForDeploymentPostprocessing = 0;
		};
/* End PBXFrameworksBuildPhase section */

/* Begin PBXGroup section */
		0400CC7A4EBAD3BC273C628C /* Frameworks */ = {
			isa = PBXGroup;
			children = (
				9FFA1C1ECE92AB35D81C91B6 /* Pods_testTask.framework */,
			);
			name = Frameworks;
			sourceTree = "<group>";
		};
		0470A45B4F3DD3D397DF746D /* Pods */ = {
			isa = PBXGroup;
			children = (
				348B1DC476EFB7B9A7D60A1A /* Pods-testTask.debug.xcconfig */,
				255543901AFFFD4C91A07F2C /* Pods-testTask.release.xcconfig */,
			);
			path = Pods;
			sourceTree = "<group>";
		};
		5DAF1BFB27E24F6A00CE988E /* Controllers */ = {
			isa = PBXGroup;
			children = (
				5DAF1BFC27E24F9500CE988E /* ContentViewController.swift */,
				5DAF1BFE27E24FF100CE988E /* DetailViewController.swift */,
			);
			path = Controllers;
			sourceTree = "<group>";
		};
		5DAF1C0027E25EA700CE988E /* Extensions */ = {
			isa = PBXGroup;
			children = (
				5DAF1C0127E25EC400CE988E /* ColorExtension.swift */,
			);
			path = Extensions;
			sourceTree = "<group>";
		};
		5DD2DDDF27D55D0C0080E7F5 = {
			isa = PBXGroup;
			children = (
				5DD2DDEA27D55D0C0080E7F5 /* testTask */,
				5DD2DDE927D55D0C0080E7F5 /* Products */,
				0470A45B4F3DD3D397DF746D /* Pods */,
				0400CC7A4EBAD3BC273C628C /* Frameworks */,
			);
			sourceTree = "<group>";
		};
		5DD2DDE927D55D0C0080E7F5 /* Products */ = {
			isa = PBXGroup;
			children = (
				5DD2DDE827D55D0C0080E7F5 /* testTask.app */,
			);
			name = Products;
			sourceTree = "<group>";
		};
		5DD2DDEA27D55D0C0080E7F5 /* testTask */ = {
			isa = PBXGroup;
			children = (
				5DAF1C0027E25EA700CE988E /* Extensions */,
				5DAF1BFB27E24F6A00CE988E /* Controllers */,
				5DD2DDFB27D55DCE0080E7F5 /* Views */,
				5DD2DDFA27D55DC50080E7F5 /* Models */,
				5DD2DDF927D55DBB0080E7F5 /* Managers */,
				5DD2DDEB27D55D0C0080E7F5 /* Application.swift */,
				5DD2DDEF27D55D130080E7F5 /* Assets.xcassets */,
				5DD2DDF127D55D130080E7F5 /* Preview Content */,
			);
			path = testTask;
			sourceTree = "<group>";
		};
		5DD2DDF127D55D130080E7F5 /* Preview Content */ = {
			isa = PBXGroup;
			children = (
				5DD2DDF227D55D130080E7F5 /* Preview Assets.xcassets */,
			);
			path = "Preview Content";
			sourceTree = "<group>";
		};
		5DD2DDF927D55DBB0080E7F5 /* Managers */ = {
			isa = PBXGroup;
			children = (
				5DE2F6D127DC101700713DB3 /* AppServerClient.swift */,
			);
			path = Managers;
			sourceTree = "<group>";
		};
		5DD2DDFA27D55DC50080E7F5 /* Models */ = {
			isa = PBXGroup;
			children = (
				5DE2F6CD27D9048400713DB3 /* URLResult.swift */,
				5DE2F6CF27D932BB00713DB3 /* TracksResult.swift */,
				5DE2F6D327DFF26A00713DB3 /* DetailInfo.swift */,
			);
			path = Models;
			sourceTree = "<group>";
		};
		5DD2DDFB27D55DCE0080E7F5 /* Views */ = {
			isa = PBXGroup;
			children = (
				5DD2DDED27D55D0C0080E7F5 /* ContentView.swift */,
				5DE2F6D727E0FFD400713DB3 /* DetailView.swift */,
			);
			path = Views;
			sourceTree = "<group>";
		};
/* End PBXGroup section */

/* Begin PBXNativeTarget section */
		5DD2DDE727D55D0C0080E7F5 /* testTask */ = {
			isa = PBXNativeTarget;
			buildConfigurationList = 5DD2DDF627D55D130080E7F5 /* Build configuration list for PBXNativeTarget "testTask" */;
			buildPhases = (
				4F789993050768637B73B03F /* [CP] Check Pods Manifest.lock */,
				5DD2DDE427D55D0C0080E7F5 /* Sources */,
				5DD2DDE527D55D0C0080E7F5 /* Frameworks */,
				5DD2DDE627D55D0C0080E7F5 /* Resources */,
				4D1D3413F5A36EFA08A6C556 /* [CP] Embed Pods Frameworks */,
			);
			buildRules = (
			);
			dependencies = (
			);
			name = testTask;
			productName = testTask;
			productReference = 5DD2DDE827D55D0C0080E7F5 /* testTask.app */;
			productType = "com.apple.product-type.application";
		};
/* End PBXNativeTarget section */

/* Begin PBXProject section */
		5DD2DDE027D55D0C0080E7F5 /* Project object */ = {
			isa = PBXProject;
			attributes = {
				BuildIndependentTargetsInParallel = 1;
				LastSwiftUpdateCheck = 1310;
				LastUpgradeCheck = 1310;
				TargetAttributes = {
					5DD2DDE727D55D0C0080E7F5 = {
						CreatedOnToolsVersion = 13.1;
					};
				};
			};
			buildConfigurationList = 5DD2DDE327D55D0C0080E7F5 /* Build configuration list for PBXProject "testTask" */;
			compatibilityVersion = "Xcode 13.0";
			developmentRegion = en;
			hasScannedForEncodings = 0;
			knownRegions = (
				en,
				Base,
			);
			mainGroup = 5DD2DDDF27D55D0C0080E7F5;
			productRefGroup = 5DD2DDE927D55D0C0080E7F5 /* Products */;
			projectDirPath = "";
			projectRoot = "";
			targets = (
				5DD2DDE727D55D0C0080E7F5 /* testTask */,
			);
		};
/* End PBXProject section */

/* Begin PBXResourcesBuildPhase section */
		5DD2DDE627D55D0C0080E7F5 /* Resources */ = {
			isa = PBXResourcesBuildPhase;
			buildActionMask = 2147483647;
			files = (
				5DD2DDF327D55D130080E7F5 /* Preview Assets.xcassets in Resources */,
				5DD2DDF027D55D130080E7F5 /* Assets.xcassets in Resources */,
			);
			runOnlyForDeploymentPostprocessing = 0;
		};
/* End PBXResourcesBuildPhase section */

/* Begin PBXShellScriptBuildPhase section */
		4D1D3413F5A36EFA08A6C556 /* [CP] Embed Pods Frameworks */ = {
			isa = PBXShellScriptBuildPhase;
			buildActionMask = 2147483647;
			files = (
			);
			inputFileListPaths = (
				"${PODS_ROOT}/Target Support Files/Pods-testTask/Pods-testTask-frameworks-${CONFIGURATION}-input-files.xcfilelist",
			);
			name = "[CP] Embed Pods Frameworks";
			outputFileListPaths = (
				"${PODS_ROOT}/Target Support Files/Pods-testTask/Pods-testTask-frameworks-${CONFIGURATION}-output-files.xcfilelist",
			);
			runOnlyForDeploymentPostprocessing = 0;
			shellPath = /bin/sh;
			shellScript = "\"${PODS_ROOT}/Target Support Files/Pods-testTask/Pods-testTask-frameworks.sh\"\n";
			showEnvVarsInLog = 0;
		};
		4F789993050768637B73B03F /* [CP] Check Pods Manifest.lock */ = {
			isa = PBXShellScriptBuildPhase;
			buildActionMask = 2147483647;
			files = (
			);
			inputFileListPaths = (
			);
			inputPaths = (
				"${PODS_PODFILE_DIR_PATH}/Podfile.lock",
				"${PODS_ROOT}/Manifest.lock",
			);
			name = "[CP] Check Pods Manifest.lock";
			outputFileListPaths = (
			);
			outputPaths = (
				"$(DERIVED_FILE_DIR)/Pods-testTask-checkManifestLockResult.txt",
			);
			runOnlyForDeploymentPostprocessing = 0;
			shellPath = /bin/sh;
			shellScript = "diff \"${PODS_PODFILE_DIR_PATH}/Podfile.lock\" \"${PODS_ROOT}/Manifest.lock\" > /dev/null\nif [ $? != 0 ] ; then\n    # print error to STDERR\n    echo \"error: The sandbox is not in sync with the Podfile.lock. Run 'pod install' or update your CocoaPods installation.\" >&2\n    exit 1\nfi\n# This output is used by Xcode 'outputs' to avoid re-running this script phase.\necho \"SUCCESS\" > \"${SCRIPT_OUTPUT_FILE_0}\"\n";
			showEnvVarsInLog = 0;
		};
/* End PBXShellScriptBuildPhase section */

/* Begin PBXSourcesBuildPhase section */
		5DD2DDE427D55D0C0080E7F5 /* Sources */ = {
			isa = PBXSourcesBuildPhase;
			buildActionMask = 2147483647;
			files = (
				5DAF1BFF27E24FF100CE988E /* DetailViewController.swift in Sources */,
				5DAF1BFD27E24F9500CE988E /* ContentViewController.swift in Sources */,
				5DE2F6D427DFF26C00713DB3 /* DetailInfo.swift in Sources */,
				5DE2F6D827E0FFD500713DB3 /* DetailView.swift in Sources */,
				5DE2F6CE27D9048400713DB3 /* URLResult.swift in Sources */,
				5DE2F6D027D932BB00713DB3 /* TracksResult.swift in Sources */,
				5DD2DDEE27D55D0C0080E7F5 /* ContentView.swift in Sources */,
				5DD2DDEC27D55D0C0080E7F5 /* Application.swift in Sources */,
				5DE2F6D227DC101900713DB3 /* AppServerClient.swift in Sources */,
				5DAF1C0227E25EC400CE988E /* ColorExtension.swift in Sources */,
			);
			runOnlyForDeploymentPostprocessing = 0;
		};
/* End PBXSourcesBuildPhase section */

/* Begin XCBuildConfiguration section */
		5DD2DDF427D55D130080E7F5 /* Debug */ = {
			isa = XCBuildConfiguration;
			buildSettings = {
				ALWAYS_SEARCH_USER_PATHS = NO;
				CLANG_ANALYZER_NONNULL = YES;
				CLANG_ANALYZER_NUMBER_OBJECT_CONVERSION = YES_AGGRESSIVE;
				CLANG_CXX_LANGUAGE_STANDARD = "gnu++17";
				CLANG_CXX_LIBRARY = "libc++";
				CLANG_ENABLE_MODULES = YES;
				CLANG_ENABLE_OBJC_ARC = YES;
				CLANG_ENABLE_OBJC_WEAK = YES;
				CLANG_WARN_BLOCK_CAPTURE_AUTORELEASING = YES;
				CLANG_WARN_BOOL_CONVERSION = YES;
				CLANG_WARN_COMMA = YES;
				CLANG_WARN_CONSTANT_CONVERSION = YES;
				CLANG_WARN_DEPRECATED_OBJC_IMPLEMENTATIONS = YES;
				CLANG_WARN_DIRECT_OBJC_ISA_USAGE = YES_ERROR;
				CLANG_WARN_DOCUMENTATION_COMMENTS = YES;
				CLANG_WARN_EMPTY_BODY = YES;
				CLANG_WARN_ENUM_CONVERSION = YES;
				CLANG_WARN_INFINITE_RECURSION = YES;
				CLANG_WARN_INT_CONVERSION = YES;
				CLANG_WARN_NON_LITERAL_NULL_CONVERSION = YES;
				CLANG_WARN_OBJC_IMPLICIT_RETAIN_SELF = YES;
				CLANG_WARN_OBJC_LITERAL_CONVERSION = YES;
				CLANG_WARN_OBJC_ROOT_CLASS = YES_ERROR;
				CLANG_WARN_QUOTED_INCLUDE_IN_FRAMEWORK_HEADER = YES;
				CLANG_WARN_RANGE_LOOP_ANALYSIS = YES;
				CLANG_WARN_STRICT_PROTOTYPES = YES;
				CLANG_WARN_SUSPICIOUS_MOVE = YES;
				CLANG_WARN_UNGUARDED_AVAILABILITY = YES_AGGRESSIVE;
				CLANG_WARN_UNREACHABLE_CODE = YES;
				CLANG_WARN__DUPLICATE_METHOD_MATCH = YES;
				COPY_PHASE_STRIP = NO;
				DEBUG_INFORMATION_FORMAT = dwarf;
				ENABLE_STRICT_OBJC_MSGSEND = YES;
				ENABLE_TESTABILITY = YES;
				GCC_C_LANGUAGE_STANDARD = gnu11;
				GCC_DYNAMIC_NO_PIC = NO;
				GCC_NO_COMMON_BLOCKS = YES;
				GCC_OPTIMIZATION_LEVEL = 0;
				GCC_PREPROCESSOR_DEFINITIONS = (
					"DEBUG=1",
					"$(inherited)",
				);
				GCC_WARN_64_TO_32_BIT_CONVERSION = YES;
				GCC_WARN_ABOUT_RETURN_TYPE = YES_ERROR;
				GCC_WARN_UNDECLARED_SELECTOR = YES;
				GCC_WARN_UNINITIALIZED_AUTOS = YES_AGGRESSIVE;
				GCC_WARN_UNUSED_FUNCTION = YES;
				GCC_WARN_UNUSED_VARIABLE = YES;
				IPHONEOS_DEPLOYMENT_TARGET = 15.0;
				MTL_ENABLE_DEBUG_INFO = INCLUDE_SOURCE;
				MTL_FAST_MATH = YES;
				ONLY_ACTIVE_ARCH = YES;
				SDKROOT = iphoneos;
				SWIFT_ACTIVE_COMPILATION_CONDITIONS = DEBUG;
				SWIFT_OPTIMIZATION_LEVEL = "-Onone";
			};
			name = Debug;
		};
		5DD2DDF527D55D130080E7F5 /* Release */ = {
			isa = XCBuildConfiguration;
			buildSettings = {
				ALWAYS_SEARCH_USER_PATHS = NO;
				CLANG_ANALYZER_NONNULL = YES;
				CLANG_ANALYZER_NUMBER_OBJECT_CONVERSION = YES_AGGRESSIVE;
				CLANG_CXX_LANGUAGE_STANDARD = "gnu++17";
				CLANG_CXX_LIBRARY = "libc++";
				CLANG_ENABLE_MODULES = YES;
				CLANG_ENABLE_OBJC_ARC = YES;
				CLANG_ENABLE_OBJC_WEAK = YES;
				CLANG_WARN_BLOCK_CAPTURE_AUTORELEASING = YES;
				CLANG_WARN_BOOL_CONVERSION = YES;
				CLANG_WARN_COMMA = YES;
				CLANG_WARN_CONSTANT_CONVERSION = YES;
				CLANG_WARN_DEPRECATED_OBJC_IMPLEMENTATIONS = YES;
				CLANG_WARN_DIRECT_OBJC_ISA_USAGE = YES_ERROR;
				CLANG_WARN_DOCUMENTATION_COMMENTS = YES;
				CLANG_WARN_EMPTY_BODY = YES;
				CLANG_WARN_ENUM_CONVERSION = YES;
				CLANG_WARN_INFINITE_RECURSION = YES;
				CLANG_WARN_INT_CONVERSION = YES;
				CLANG_WARN_NON_LITERAL_NULL_CONVERSION = YES;
				CLANG_WARN_OBJC_IMPLICIT_RETAIN_SELF = YES;
				CLANG_WARN_OBJC_LITERAL_CONVERSION = YES;
				CLANG_WARN_OBJC_ROOT_CLASS = YES_ERROR;
				CLANG_WARN_QUOTED_INCLUDE_IN_FRAMEWORK_HEADER = YES;
				CLANG_WARN_RANGE_LOOP_ANALYSIS = YES;
				CLANG_WARN_STRICT_PROTOTYPES = YES;
				CLANG_WARN_SUSPICIOUS_MOVE = YES;
				CLANG_WARN_UNGUARDED_AVAILABILITY = YES_AGGRESSIVE;
				CLANG_WARN_UNREACHABLE_CODE = YES;
				CLANG_WARN__DUPLICATE_METHOD_MATCH = YES;
				COPY_PHASE_STRIP = NO;
				DEBUG_INFORMATION_FORMAT = "dwarf-with-dsym";
				ENABLE_NS_ASSERTIONS = NO;
				ENABLE_STRICT_OBJC_MSGSEND = YES;
				GCC_C_LANGUAGE_STANDARD = gnu11;
				GCC_NO_COMMON_BLOCKS = YES;
				GCC_WARN_64_TO_32_BIT_CONVERSION = YES;
				GCC_WARN_ABOUT_RETURN_TYPE = YES_ERROR;
				GCC_WARN_UNDECLARED_SELECTOR = YES;
				GCC_WARN_UNINITIALIZED_AUTOS = YES_AGGRESSIVE;
				GCC_WARN_UNUSED_FUNCTION = YES;
				GCC_WARN_UNUSED_VARIABLE = YES;
				IPHONEOS_DEPLOYMENT_TARGET = 15.0;
				MTL_ENABLE_DEBUG_INFO = NO;
				MTL_FAST_MATH = YES;
				SDKROOT = iphoneos;
				SWIFT_COMPILATION_MODE = wholemodule;
				SWIFT_OPTIMIZATION_LEVEL = "-O";
				VALIDATE_PRODUCT = YES;
			};
			name = Release;
		};
		5DD2DDF727D55D130080E7F5 /* Debug */ = {
			isa = XCBuildConfiguration;
			baseConfigurationReference = 348B1DC476EFB7B9A7D60A1A /* Pods-testTask.debug.xcconfig */;
			buildSettings = {
				ASSETCATALOG_COMPILER_APPICON_NAME = AppIcon;
				ASSETCATALOG_COMPILER_GLOBAL_ACCENT_COLOR_NAME = AccentColor;
				CODE_SIGN_STYLE = Automatic;
				CURRENT_PROJECT_VERSION = 1;
				DEVELOPMENT_ASSET_PATHS = "\"testTask/Preview Content\"";
				DEVELOPMENT_TEAM = 4UPCJ5N4BA;
				ENABLE_PREVIEWS = YES;
				GENERATE_INFOPLIST_FILE = YES;
				INFOPLIST_KEY_UIApplicationSceneManifest_Generation = YES;
				INFOPLIST_KEY_UIApplicationSupportsIndirectInputEvents = YES;
				INFOPLIST_KEY_UILaunchScreen_Generation = YES;
				INFOPLIST_KEY_UISupportedInterfaceOrientations_iPad = "UIInterfaceOrientationPortrait UIInterfaceOrientationPortraitUpsideDown UIInterfaceOrientationLandscapeLeft UIInterfaceOrientationLandscapeRight";
				INFOPLIST_KEY_UISupportedInterfaceOrientations_iPhone = "UIInterfaceOrientationPortrait UIInterfaceOrientationLandscapeLeft UIInterfaceOrientationLandscapeRight";
				LD_RUNPATH_SEARCH_PATHS = (
					"$(inherited)",
					"@executable_path/Frameworks",
				);
				MARKETING_VERSION = 1.0;
				PRODUCT_BUNDLE_IDENTIFIER = alina.testTask;
				PRODUCT_NAME = "$(TARGET_NAME)";
				SWIFT_EMIT_LOC_STRINGS = YES;
				SWIFT_VERSION = 5.0;
				TARGETED_DEVICE_FAMILY = "1,2";
			};
			name = Debug;
		};
		5DD2DDF827D55D130080E7F5 /* Release */ = {
			isa = XCBuildConfiguration;
			baseConfigurationReference = 255543901AFFFD4C91A07F2C /* Pods-testTask.release.xcconfig */;
			buildSettings = {
				ASSETCATALOG_COMPILER_APPICON_NAME = AppIcon;
				ASSETCATALOG_COMPILER_GLOBAL_ACCENT_COLOR_NAME = AccentColor;
				CODE_SIGN_STYLE = Automatic;
				CURRENT_PROJECT_VERSION = 1;
				DEVELOPMENT_ASSET_PATHS = "\"testTask/Preview Content\"";
				DEVELOPMENT_TEAM = 4UPCJ5N4BA;
				ENABLE_PREVIEWS = YES;
				GENERATE_INFOPLIST_FILE = YES;
				INFOPLIST_KEY_UIApplicationSceneManifest_Generation = YES;
				INFOPLIST_KEY_UIApplicationSupportsIndirectInputEvents = YES;
				INFOPLIST_KEY_UILaunchScreen_Generation = YES;
				INFOPLIST_KEY_UISupportedInterfaceOrientations_iPad = "UIInterfaceOrientationPortrait UIInterfaceOrientationPortraitUpsideDown UIInterfaceOrientationLandscapeLeft UIInterfaceOrientationLandscapeRight";
				INFOPLIST_KEY_UISupportedInterfaceOrientations_iPhone = "UIInterfaceOrientationPortrait UIInterfaceOrientationLandscapeLeft UIInterfaceOrientationLandscapeRight";
				LD_RUNPATH_SEARCH_PATHS = (
					"$(inherited)",
					"@executable_path/Frameworks",
				);
				MARKETING_VERSION = 1.0;
				PRODUCT_BUNDLE_IDENTIFIER = alina.testTask;
				PRODUCT_NAME = "$(TARGET_NAME)";
				SWIFT_EMIT_LOC_STRINGS = YES;
				SWIFT_VERSION = 5.0;
				TARGETED_DEVICE_FAMILY = "1,2";
			};
			name = Release;
		};
/* End XCBuildConfiguration section */

/* Begin XCConfigurationList section */
		5DD2DDE327D55D0C0080E7F5 /* Build configuration list for PBXProject "testTask" */ = {
			isa = XCConfigurationList;
			buildConfigurations = (
				5DD2DDF427D55D130080E7F5 /* Debug */,
				5DD2DDF527D55D130080E7F5 /* Release */,
			);
			defaultConfigurationIsVisible = 0;
			defaultConfigurationName = Release;
		};
		5DD2DDF627D55D130080E7F5 /* Build configuration list for PBXNativeTarget "testTask" */ = {
			isa = XCConfigurationList;
			buildConfigurations = (
				5DD2DDF727D55D130080E7F5 /* Debug */,
				5DD2DDF827D55D130080E7F5 /* Release */,
			);
			defaultConfigurationIsVisible = 0;
			defaultConfigurationName = Release;
		};
/* End XCConfigurationList section */
	};
	rootObject = 5DD2DDE027D55D0C0080E7F5 /* Project object */;
}
